<?xml version="1.0" encoding="utf-8"?>
<Project ToolsVersion="4.0" xmlns="http://schemas.microsoft.com/developer/msbuild/2003">
  <ItemGroup>
    <Filter Include="Minmaxss">
      <UniqueIdentifier>{22489e52-7d38-499f-899b-69c9a88ff273}</UniqueIdentifier>
    </Filter>
  </ItemGroup>
  <ItemGroup>
    <ClCompile Include="Run.cpp" />
    <ClCompile Include="Minmaxss\Endianess.cpp">
      <Filter>Minmaxss</Filter>
    </ClCompile>
  </ItemGroup>
  <ItemGroup>
    <ClInclude Include="Minmaxss\Endianess.h">
      <Filter>Minmaxss</Filter>
    </ClInclude>
    <ClInclude Include="Minmaxss\Scanner.h">
      <Filter>Minmaxss</Filter>
    </ClInclude>
    <ClInclude Include="Scanner.hpp">
      <Filter>Minmaxss</Filter>
    </ClInclude>
  </ItemGroup>
</Project>